
Microsoft Visual Studio Solution File, Format Version 12.00
# Visual Studio 15
VisualStudioVersion = 15.0.27130.2010
MinimumVisualStudioVersion = 10.0.40219.1
Project("{FAE04EC0-301F-11D3-BF4B-00C04F79EFBC}") = "PMSCarparking", "PMSCarparking\PMSCarparking.csproj", "{AA2026FC-0965-487F-853A-A9AF8D2B0E2F}"
EndProject
Global
	GlobalSection(SolutionConfigurationPlatforms) = preSolution
		Debug|Any CPU = Debug|Any CPU
		Release|Any CPU = Release|Any CPU
	EndGlobalSection
	GlobalSection(ProjectConfigurationPlatforms) = postSolution
		{AA2026FC-0965-487F-853A-A9AF8D2B0E2F}.Debug|Any CPU.ActiveCfg = Debug|Any CPU
		{AA2026FC-0965-487F-853A-A9AF8D2B0E2F}.Debug|Any CPU.Build.0 = Debug|Any CPU
		{AA2026FC-0965-487F-853A-A9AF8D2B0E2F}.Release|Any CPU.ActiveCfg = Release|Any CPU
		{AA2026FC-0965-487F-853A-A9AF8D2B0E2F}.Release|Any CPU.Build.0 = Release|Any CPU
	EndGlobalSection
	GlobalSection(SolutionProperties) = preSolution
		HideSolutionNode = FALSE
	EndGlobalSection
	GlobalSection(ExtensibilityGlobals) = postSolution
		SolutionGuid = {08C6E2C8-4B2D-4170-A2E0-89561438337E}
	EndGlobalSection
EndGlobal
